
Microsoft Visual Studio Solution File, Format Version 12.00
# Visual Studio Version 17
VisualStudioVersion = 17.14.36623.8
MinimumVisualStudioVersion = 10.0.40219.1
Project("{FAE04EC0-301F-11D3-BF4B-00C04F79EFBC}") = "Movies.API", "Movies.API\Movies.API.csproj", "{533E3818-E274-4793-92E7-6321F5B3097E}"
EndProject
Project("{FAE04EC0-301F-11D3-BF4B-00C04F79EFBC}") = "Movies.Applications", "Movies.Apllications\Movies.Applications.csproj", "{AE77FC01-86FF-4AE1-B1CD-AF312536633F}"
EndProject
Project("{FAE04EC0-301F-11D3-BF4B-00C04F79EFBC}") = "Movies.Contracts", "Movies.Contracts\Movies.Contracts.csproj", "{1D509E3C-2201-4484-BDA2-579B57882565}"
EndProject
Project("{2150E333-8FDC-42A3-9474-1A3956D46DE8}") = "Solution Items", "Solution Items", "{8EC462FD-D22E-90A8-E5CE-7E832BA40C5D}"
	ProjectSection(SolutionItems) = preProject
		.gitignore = .gitignore
	EndProjectSection
EndProject
Project("{FAE04EC0-301F-11D3-BF4B-00C04F79EFBC}") = "Identity.Api", "..\..\..\Course\httpsgit.irdometrain-from-zero-to-hero-rest-apis-in-net\exercise_files\Authentication and Authorization in REST APIs_5.1\rest-api-course-final-master\Helpers\Identity.Api\Identity.Api.csproj", "{D0EEFFB8-4027-0926-6005-F71A23036E90}"
EndProject
Global
	GlobalSection(SolutionConfigurationPlatforms) = preSolution
		Debug|Any CPU = Debug|Any CPU
		Release|Any CPU = Release|Any CPU
	EndGlobalSection
	GlobalSection(ProjectConfigurationPlatforms) = postSolution
		{533E3818-E274-4793-92E7-6321F5B3097E}.Debug|Any CPU.ActiveCfg = Debug|Any CPU
		{533E3818-E274-4793-92E7-6321F5B3097E}.Debug|Any CPU.Build.0 = Debug|Any CPU
		{533E3818-E274-4793-92E7-6321F5B3097E}.Release|Any CPU.ActiveCfg = Release|Any CPU
		{533E3818-E274-4793-92E7-6321F5B3097E}.Release|Any CPU.Build.0 = Release|Any CPU
		{AE77FC01-86FF-4AE1-B1CD-AF312536633F}.Debug|Any CPU.ActiveCfg = Debug|Any CPU
		{AE77FC01-86FF-4AE1-B1CD-AF312536633F}.Debug|Any CPU.Build.0 = Debug|Any CPU
		{AE77FC01-86FF-4AE1-B1CD-AF312536633F}.Release|Any CPU.ActiveCfg = Release|Any CPU
		{AE77FC01-86FF-4AE1-B1CD-AF312536633F}.Release|Any CPU.Build.0 = Release|Any CPU
		{1D509E3C-2201-4484-BDA2-579B57882565}.Debug|Any CPU.ActiveCfg = Debug|Any CPU
		{1D509E3C-2201-4484-BDA2-579B57882565}.Debug|Any CPU.Build.0 = Debug|Any CPU
		{1D509E3C-2201-4484-BDA2-579B57882565}.Release|Any CPU.ActiveCfg = Release|Any CPU
		{1D509E3C-2201-4484-BDA2-579B57882565}.Release|Any CPU.Build.0 = Release|Any CPU
		{D0EEFFB8-4027-0926-6005-F71A23036E90}.Debug|Any CPU.ActiveCfg = Debug|Any CPU
		{D0EEFFB8-4027-0926-6005-F71A23036E90}.Debug|Any CPU.Build.0 = Debug|Any CPU
		{D0EEFFB8-4027-0926-6005-F71A23036E90}.Release|Any CPU.ActiveCfg = Release|Any CPU
		{D0EEFFB8-4027-0926-6005-F71A23036E90}.Release|Any CPU.Build.0 = Release|Any CPU
	EndGlobalSection
	GlobalSection(SolutionProperties) = preSolution
		HideSolutionNode = FALSE
	EndGlobalSection
	GlobalSection(ExtensibilityGlobals) = postSolution
		SolutionGuid = {C11A232F-3221-4D97-B578-3AEF7205B1F8}
	EndGlobalSection
EndGlobal
